
Microsoft Visual Studio Solution File, Format Version 12.00
# Visual Studio 2013
VisualStudioVersion = 12.0.21005.1
MinimumVisualStudioVersion = 10.0.40219.1
Project("{FAE04EC0-301F-11D3-BF4B-00C04F79EFBC}") = "2013215462-CON", "2013215462-CON\2013215462-CON.csproj", "{D8BC07DD-1C78-48D3-ABC5-000919A36884}"
EndProject
Project("{FAE04EC0-301F-11D3-BF4B-00C04F79EFBC}") = "2013215462-ENT", "2013215462-ENT\2013215462-ENT.csproj", "{E9CDA0DB-8A88-4B79-AC6D-E417EC36C2E4}"
EndProject
Project("{FAE04EC0-301F-11D3-BF4B-00C04F79EFBC}") = "2013215462-PER", "2013215462-PER\2013215462-PER.csproj", "{9E6B16DF-C89E-415B-9AF0-9F467F49287C}"
EndProject
Project("{FAE04EC0-301F-11D3-BF4B-00C04F79EFBC}") = "2013215462-MVC", "2013215462-MVC\2013215462-MVC.csproj", "{E2B57265-15F5-4FA9-ABE3-E9589905F8D8}"
EndProject
Project("{FAE04EC0-301F-11D3-BF4B-00C04F79EFBC}") = "2013215462-API", "2013215462-API\2013215462-API.csproj", "{6127C869-3FDC-49B7-98E6-9B6602ED850A}"
EndProject
Global
	GlobalSection(SolutionConfigurationPlatforms) = preSolution
		Debug|Any CPU = Debug|Any CPU
		Release|Any CPU = Release|Any CPU
	EndGlobalSection
	GlobalSection(ProjectConfigurationPlatforms) = postSolution
		{D8BC07DD-1C78-48D3-ABC5-000919A36884}.Debug|Any CPU.ActiveCfg = Debug|Any CPU
		{D8BC07DD-1C78-48D3-ABC5-000919A36884}.Debug|Any CPU.Build.0 = Debug|Any CPU
		{D8BC07DD-1C78-48D3-ABC5-000919A36884}.Release|Any CPU.ActiveCfg = Release|Any CPU
		{D8BC07DD-1C78-48D3-ABC5-000919A36884}.Release|Any CPU.Build.0 = Release|Any CPU
		{E9CDA0DB-8A88-4B79-AC6D-E417EC36C2E4}.Debug|Any CPU.ActiveCfg = Debug|Any CPU
		{E9CDA0DB-8A88-4B79-AC6D-E417EC36C2E4}.Debug|Any CPU.Build.0 = Debug|Any CPU
		{E9CDA0DB-8A88-4B79-AC6D-E417EC36C2E4}.Release|Any CPU.ActiveCfg = Release|Any CPU
		{E9CDA0DB-8A88-4B79-AC6D-E417EC36C2E4}.Release|Any CPU.Build.0 = Release|Any CPU
		{9E6B16DF-C89E-415B-9AF0-9F467F49287C}.Debug|Any CPU.ActiveCfg = Debug|Any CPU
		{9E6B16DF-C89E-415B-9AF0-9F467F49287C}.Debug|Any CPU.Build.0 = Debug|Any CPU
		{9E6B16DF-C89E-415B-9AF0-9F467F49287C}.Release|Any CPU.ActiveCfg = Release|Any CPU
		{9E6B16DF-C89E-415B-9AF0-9F467F49287C}.Release|Any CPU.Build.0 = Release|Any CPU
		{E2B57265-15F5-4FA9-ABE3-E9589905F8D8}.Debug|Any CPU.ActiveCfg = Debug|Any CPU
		{E2B57265-15F5-4FA9-ABE3-E9589905F8D8}.Debug|Any CPU.Build.0 = Debug|Any CPU
		{E2B57265-15F5-4FA9-ABE3-E9589905F8D8}.Release|Any CPU.ActiveCfg = Release|Any CPU
		{E2B57265-15F5-4FA9-ABE3-E9589905F8D8}.Release|Any CPU.Build.0 = Release|Any CPU
		{6127C869-3FDC-49B7-98E6-9B6602ED850A}.Debug|Any CPU.ActiveCfg = Debug|Any CPU
		{6127C869-3FDC-49B7-98E6-9B6602ED850A}.Debug|Any CPU.Build.0 = Debug|Any CPU
		{6127C869-3FDC-49B7-98E6-9B6602ED850A}.Release|Any CPU.ActiveCfg = Release|Any CPU
		{6127C869-3FDC-49B7-98E6-9B6602ED850A}.Release|Any CPU.Build.0 = Release|Any CPU
	EndGlobalSection
	GlobalSection(SolutionProperties) = preSolution
		HideSolutionNode = FALSE
	EndGlobalSection
EndGlobal
